{
  "version": "4",
  "specifiers": {
    "jsr:@hono/hono@^4.6.13": "4.6.13",
    "jsr:@std/assert@1": "1.0.9",
    "jsr:@std/internal@^1.0.5": "1.0.5",
    "npm:create-hono@*": "0.14.3"
  },
  "jsr": {
    "@hono/hono@4.6.13": {
      "integrity": "198970fc6facf71a88ee57aa1ed32143b56bcb0f842fa965ca3ee7d6fdd21a8e"
    },
    "@std/assert@1.0.9": {
      "integrity": "a9f0c611a869cc791b26f523eec54c7e187aab7932c2c8e8bea0622d13680dcd",
      "dependencies": [
        "jsr:@std/internal"
      ]
    },
    "@std/internal@1.0.5": {
      "integrity": "54a546004f769c1ac9e025abd15a76b6671ddc9687e2313b67376125650dc7ba"
    }
  },
  "npm": {
    "create-hono@0.14.3": {
      "integrity": "sha512-CuZJAj6dmqAwmTdPM5iFl5vQAD5at6aBKnEaiP5zUYNuiInMtalSXDrMj79lmcdJD/hXNsQf14upMx2se7ZVxA=="
    }
  },
  "workspace": {
    "dependencies": [
      "jsr:@std/assert@1"
    ],
    "members": {
      "apps/server": {
        "dependencies": [
          "jsr:@hono/hono@^4.6.13"
        ]
      }
    }
  }
}
